
Microsoft Visual Studio Solution File, Format Version 12.00
# Visual Studio Version 16
VisualStudioVersion = 16.0.31729.503
MinimumVisualStudioVersion = 10.0.40219.1
Project("{FAE04EC0-301F-11D3-BF4B-00C04F79EFBC}") = "PracticeRazor", "PracticeRazor.csproj", "{C2CC68EF-61D3-443B-B75D-8DEB51264DF3}"
EndProject
Global
	GlobalSection(SolutionConfigurationPlatforms) = preSolution
		Debug|Any CPU = Debug|Any CPU
		Release|Any CPU = Release|Any CPU
	EndGlobalSection
	GlobalSection(ProjectConfigurationPlatforms) = postSolution
		{C2CC68EF-61D3-443B-B75D-8DEB51264DF3}.Debug|Any CPU.ActiveCfg = Debug|Any CPU
		{C2CC68EF-61D3-443B-B75D-8DEB51264DF3}.Debug|Any CPU.Build.0 = Debug|Any CPU
		{C2CC68EF-61D3-443B-B75D-8DEB51264DF3}.Release|Any CPU.ActiveCfg = Release|Any CPU
		{C2CC68EF-61D3-443B-B75D-8DEB51264DF3}.Release|Any CPU.Build.0 = Release|Any CPU
	EndGlobalSection
	GlobalSection(SolutionProperties) = preSolution
		HideSolutionNode = FALSE
	EndGlobalSection
	GlobalSection(ExtensibilityGlobals) = postSolution
		SolutionGuid = {63AA74DF-3F42-4F31-9184-C1795ABEB171}
	EndGlobalSection
EndGlobal
